// !$*UTF8*$!
{
	archiveVersion = 1;
	classes = {
	};
	objectVersion = 56;
	objects = {

/* Begin PBXBuildFile section */
		7E9BBD392A92869900A027E9 /* AppDelegate.swift in Sources */ = {isa = PBXBuildFile; fileRef = 7E9BBD382A92869900A027E9 /* AppDelegate.swift */; };
		7E9BBD3B2A92869900A027E9 /* SceneDelegate.swift in Sources */ = {isa = PBXBuildFile; fileRef = 7E9BBD3A2A92869900A027E9 /* SceneDelegate.swift */; };
		7E9BBD3D2A92869900A027E9 /* RMTabViewController.swift in Sources */ = {isa = PBXBuildFile; fileRef = 7E9BBD3C2A92869900A027E9 /* RMTabViewController.swift */; };
		7E9BBD422A92869B00A027E9 /* Assets.xcassets in Resources */ = {isa = PBXBuildFile; fileRef = 7E9BBD412A92869B00A027E9 /* Assets.xcassets */; };
		7E9BBD452A92869B00A027E9 /* LaunchScreen.storyboard in Resources */ = {isa = PBXBuildFile; fileRef = 7E9BBD432A92869B00A027E9 /* LaunchScreen.storyboard */; };
		7ECB13842A9C276E0023C5B8 /* RMService.swift in Sources */ = {isa = PBXBuildFile; fileRef = 7ECB13832A9C276E0023C5B8 /* RMService.swift */; };
		7ECB13862A9C29A30023C5B8 /* RMRequest.swift in Sources */ = {isa = PBXBuildFile; fileRef = 7ECB13852A9C29A30023C5B8 /* RMRequest.swift */; };
		7ECB13892A9C5AF50023C5B8 /* RMEndpoints.swift in Sources */ = {isa = PBXBuildFile; fileRef = 7ECB13882A9C5AF50023C5B8 /* RMEndpoints.swift */; };
		7EFC7DDE2A9717BD005AC39C /* RMLocation.swift in Sources */ = {isa = PBXBuildFile; fileRef = 7EFC7DDD2A9717BD005AC39C /* RMLocation.swift */; };
		7EFC7DE02A9717CD005AC39C /* RMCharacter.swift in Sources */ = {isa = PBXBuildFile; fileRef = 7EFC7DDF2A9717CD005AC39C /* RMCharacter.swift */; };
		7EFC7DE22A9717E3005AC39C /* RMEpisode.swift in Sources */ = {isa = PBXBuildFile; fileRef = 7EFC7DE12A9717E3005AC39C /* RMEpisode.swift */; };
		7EFC7DE52A971867005AC39C /* RMLocationViewController.swift in Sources */ = {isa = PBXBuildFile; fileRef = 7EFC7DE42A971867005AC39C /* RMLocationViewController.swift */; };
		7EFC7DE82A971880005AC39C /* RMCharacterViewController.swift in Sources */ = {isa = PBXBuildFile; fileRef = 7EFC7DE72A971880005AC39C /* RMCharacterViewController.swift */; };
		7EFC7DEA2A97188C005AC39C /* RMEpisodeViewController.swift in Sources */ = {isa = PBXBuildFile; fileRef = 7EFC7DE92A97188C005AC39C /* RMEpisodeViewController.swift */; };
		7EFC7DEC2A9718A3005AC39C /* RMSettingsViewController.swift in Sources */ = {isa = PBXBuildFile; fileRef = 7EFC7DEB2A9718A3005AC39C /* RMSettingsViewController.swift */; };
/* End PBXBuildFile section */

/* Begin PBXFileReference section */
		7E9BBD352A92869900A027E9 /* RickAndMorty.app */ = {isa = PBXFileReference; explicitFileType = wrapper.application; includeInIndex = 0; path = RickAndMorty.app; sourceTree = BUILT_PRODUCTS_DIR; };
		7E9BBD382A92869900A027E9 /* AppDelegate.swift */ = {isa = PBXFileReference; lastKnownFileType = sourcecode.swift; path = AppDelegate.swift; sourceTree = "<group>"; };
		7E9BBD3A2A92869900A027E9 /* SceneDelegate.swift */ = {isa = PBXFileReference; lastKnownFileType = sourcecode.swift; path = SceneDelegate.swift; sourceTree = "<group>"; };
		7E9BBD3C2A92869900A027E9 /* RMTabViewController.swift */ = {isa = PBXFileReference; lastKnownFileType = sourcecode.swift; path = RMTabViewController.swift; sourceTree = "<group>"; };
		7E9BBD412A92869B00A027E9 /* Assets.xcassets */ = {isa = PBXFileReference; lastKnownFileType = folder.assetcatalog; path = Assets.xcassets; sourceTree = "<group>"; };
		7E9BBD442A92869B00A027E9 /* Base */ = {isa = PBXFileReference; lastKnownFileType = file.storyboard; name = Base; path = Base.lproj/LaunchScreen.storyboard; sourceTree = "<group>"; };
		7E9BBD462A92869B00A027E9 /* Info.plist */ = {isa = PBXFileReference; lastKnownFileType = text.plist.xml; path = Info.plist; sourceTree = "<group>"; };
		7ECB13832A9C276E0023C5B8 /* RMService.swift */ = {isa = PBXFileReference; lastKnownFileType = sourcecode.swift; path = RMService.swift; sourceTree = "<group>"; };
		7ECB13852A9C29A30023C5B8 /* RMRequest.swift */ = {isa = PBXFileReference; lastKnownFileType = sourcecode.swift; path = RMRequest.swift; sourceTree = "<group>"; };
		7ECB13882A9C5AF50023C5B8 /* RMEndpoints.swift */ = {isa = PBXFileReference; lastKnownFileType = sourcecode.swift; path = RMEndpoints.swift; sourceTree = "<group>"; };
		7EFC7DDD2A9717BD005AC39C /* RMLocation.swift */ = {isa = PBXFileReference; lastKnownFileType = sourcecode.swift; path = RMLocation.swift; sourceTree = "<group>"; };
		7EFC7DDF2A9717CD005AC39C /* RMCharacter.swift */ = {isa = PBXFileReference; lastKnownFileType = sourcecode.swift; path = RMCharacter.swift; sourceTree = "<group>"; };
		7EFC7DE12A9717E3005AC39C /* RMEpisode.swift */ = {isa = PBXFileReference; lastKnownFileType = sourcecode.swift; path = RMEpisode.swift; sourceTree = "<group>"; };
		7EFC7DE42A971867005AC39C /* RMLocationViewController.swift */ = {isa = PBXFileReference; lastKnownFileType = sourcecode.swift; path = RMLocationViewController.swift; sourceTree = "<group>"; };
		7EFC7DE72A971880005AC39C /* RMCharacterViewController.swift */ = {isa = PBXFileReference; lastKnownFileType = sourcecode.swift; path = RMCharacterViewController.swift; sourceTree = "<group>"; };
		7EFC7DE92A97188C005AC39C /* RMEpisodeViewController.swift */ = {isa = PBXFileReference; lastKnownFileType = sourcecode.swift; path = RMEpisodeViewController.swift; sourceTree = "<group>"; };
		7EFC7DEB2A9718A3005AC39C /* RMSettingsViewController.swift */ = {isa = PBXFileReference; lastKnownFileType = sourcecode.swift; path = RMSettingsViewController.swift; sourceTree = "<group>"; };
/* End PBXFileReference section */

/* Begin PBXFrameworksBuildPhase section */
		7E9BBD322A92869900A027E9 /* Frameworks */ = {
			isa = PBXFrameworksBuildPhase;
			buildActionMask = 2147483647;
			files = (
			);
			runOnlyForDeploymentPostprocessing = 0;
		};
/* End PBXFrameworksBuildPhase section */

/* Begin PBXGroup section */
		7E9BBD2C2A92869900A027E9 = {
			isa = PBXGroup;
			children = (
				7E9BBD372A92869900A027E9 /* RickAndMorty */,
				7E9BBD362A92869900A027E9 /* Products */,
			);
			sourceTree = "<group>";
		};
		7E9BBD362A92869900A027E9 /* Products */ = {
			isa = PBXGroup;
			children = (
				7E9BBD352A92869900A027E9 /* RickAndMorty.app */,
			);
			name = Products;
			sourceTree = "<group>";
		};
		7E9BBD372A92869900A027E9 /* RickAndMorty */ = {
			isa = PBXGroup;
			children = (
				7EFC7DDC2A9712E1005AC39C /* APIClient */,
				7EFC7DDB2A9712DB005AC39C /* Resources */,
				7EFC7DDA2A9712BD005AC39C /* Managers */,
				7EFC7DD92A9712B7005AC39C /* ViewModels */,
				7EFC7DD82A9712AE005AC39C /* Models */,
				7EFC7DD72A9712A5005AC39C /* Views */,
				7EFC7DD62A97124C005AC39C /* Controllers */,
				7E9BBD462A92869B00A027E9 /* Info.plist */,
			);
			path = RickAndMorty;
			sourceTree = "<group>";
		};
		7EFC7DD62A97124C005AC39C /* Controllers */ = {
			isa = PBXGroup;
			children = (
				7EFC7DE32A9717E8005AC39C /* Core */,
			);
			path = Controllers;
			sourceTree = "<group>";
		};
		7EFC7DD72A9712A5005AC39C /* Views */ = {
			isa = PBXGroup;
			children = (
			);
			path = Views;
			sourceTree = "<group>";
		};
		7EFC7DD82A9712AE005AC39C /* Models */ = {
			isa = PBXGroup;
			children = (
				7EFC7DDD2A9717BD005AC39C /* RMLocation.swift */,
				7EFC7DDF2A9717CD005AC39C /* RMCharacter.swift */,
				7EFC7DE12A9717E3005AC39C /* RMEpisode.swift */,
			);
			path = Models;
			sourceTree = "<group>";
		};
		7EFC7DD92A9712B7005AC39C /* ViewModels */ = {
			isa = PBXGroup;
			children = (
			);
			path = ViewModels;
			sourceTree = "<group>";
		};
		7EFC7DDA2A9712BD005AC39C /* Managers */ = {
			isa = PBXGroup;
			children = (
			);
			path = Managers;
			sourceTree = "<group>";
		};
		7EFC7DDB2A9712DB005AC39C /* Resources */ = {
			isa = PBXGroup;
			children = (
				7E9BBD412A92869B00A027E9 /* Assets.xcassets */,
				7E9BBD432A92869B00A027E9 /* LaunchScreen.storyboard */,
				7E9BBD382A92869900A027E9 /* AppDelegate.swift */,
				7E9BBD3A2A92869900A027E9 /* SceneDelegate.swift */,
			);
			path = Resources;
			sourceTree = "<group>";
		};
		7EFC7DDC2A9712E1005AC39C /* APIClient */ = {
			isa = PBXGroup;
			children = (
				7ECB13832A9C276E0023C5B8 /* RMService.swift */,
				7ECB13852A9C29A30023C5B8 /* RMRequest.swift */,
				7ECB13882A9C5AF50023C5B8 /* RMEndpoints.swift */,
			);
			path = APIClient;
			sourceTree = "<group>";
		};
		7EFC7DE32A9717E8005AC39C /* Core */ = {
			isa = PBXGroup;
			children = (
				7E9BBD3C2A92869900A027E9 /* RMTabViewController.swift */,
				7EFC7DE42A971867005AC39C /* RMLocationViewController.swift */,
				7EFC7DE72A971880005AC39C /* RMCharacterViewController.swift */,
				7EFC7DE92A97188C005AC39C /* RMEpisodeViewController.swift */,
				7EFC7DEB2A9718A3005AC39C /* RMSettingsViewController.swift */,
			);
			path = Core;
			sourceTree = "<group>";
		};
/* End PBXGroup section */

/* Begin PBXNativeTarget section */
		7E9BBD342A92869900A027E9 /* RickAndMorty */ = {
			isa = PBXNativeTarget;
			buildConfigurationList = 7E9BBD492A92869B00A027E9 /* Build configuration list for PBXNativeTarget "RickAndMorty" */;
			buildPhases = (
				7E9BBD312A92869900A027E9 /* Sources */,
				7E9BBD322A92869900A027E9 /* Frameworks */,
				7E9BBD332A92869900A027E9 /* Resources */,
			);
			buildRules = (
			);
			dependencies = (
			);
			name = RickAndMorty;
			productName = RickAndMorty;
			productReference = 7E9BBD352A92869900A027E9 /* RickAndMorty.app */;
			productType = "com.apple.product-type.application";
		};
/* End PBXNativeTarget section */

/* Begin PBXProject section */
		7E9BBD2D2A92869900A027E9 /* Project object */ = {
			isa = PBXProject;
			attributes = {
				BuildIndependentTargetsInParallel = 1;
				LastSwiftUpdateCheck = 1430;
				LastUpgradeCheck = 1430;
				TargetAttributes = {
					7E9BBD342A92869900A027E9 = {
						CreatedOnToolsVersion = 14.3.1;
					};
				};
			};
			buildConfigurationList = 7E9BBD302A92869900A027E9 /* Build configuration list for PBXProject "RickAndMorty" */;
			compatibilityVersion = "Xcode 14.0";
			developmentRegion = en;
			hasScannedForEncodings = 0;
			knownRegions = (
				en,
				Base,
			);
			mainGroup = 7E9BBD2C2A92869900A027E9;
			productRefGroup = 7E9BBD362A92869900A027E9 /* Products */;
			projectDirPath = "";
			projectRoot = "";
			targets = (
				7E9BBD342A92869900A027E9 /* RickAndMorty */,
			);
		};
/* End PBXProject section */

/* Begin PBXResourcesBuildPhase section */
		7E9BBD332A92869900A027E9 /* Resources */ = {
			isa = PBXResourcesBuildPhase;
			buildActionMask = 2147483647;
			files = (
				7E9BBD452A92869B00A027E9 /* LaunchScreen.storyboard in Resources */,
				7E9BBD422A92869B00A027E9 /* Assets.xcassets in Resources */,
			);
			runOnlyForDeploymentPostprocessing = 0;
		};
/* End PBXResourcesBuildPhase section */

/* Begin PBXSourcesBuildPhase section */
		7E9BBD312A92869900A027E9 /* Sources */ = {
			isa = PBXSourcesBuildPhase;
			buildActionMask = 2147483647;
			files = (
				7ECB13892A9C5AF50023C5B8 /* RMEndpoints.swift in Sources */,
				7EFC7DE22A9717E3005AC39C /* RMEpisode.swift in Sources */,
				7E9BBD3D2A92869900A027E9 /* RMTabViewController.swift in Sources */,
				7EFC7DE52A971867005AC39C /* RMLocationViewController.swift in Sources */,
				7EFC7DEA2A97188C005AC39C /* RMEpisodeViewController.swift in Sources */,
				7E9BBD392A92869900A027E9 /* AppDelegate.swift in Sources */,
				7E9BBD3B2A92869900A027E9 /* SceneDelegate.swift in Sources */,
				7EFC7DEC2A9718A3005AC39C /* RMSettingsViewController.swift in Sources */,
				7ECB13842A9C276E0023C5B8 /* RMService.swift in Sources */,
				7EFC7DE82A971880005AC39C /* RMCharacterViewController.swift in Sources */,
				7EFC7DDE2A9717BD005AC39C /* RMLocation.swift in Sources */,
				7ECB13862A9C29A30023C5B8 /* RMRequest.swift in Sources */,
				7EFC7DE02A9717CD005AC39C /* RMCharacter.swift in Sources */,
			);
			runOnlyForDeploymentPostprocessing = 0;
		};
/* End PBXSourcesBuildPhase section */

/* Begin PBXVariantGroup section */
		7E9BBD432A92869B00A027E9 /* LaunchScreen.storyboard */ = {
			isa = PBXVariantGroup;
			children = (
				7E9BBD442A92869B00A027E9 /* Base */,
			);
			name = LaunchScreen.storyboard;
			sourceTree = "<group>";
		};
/* End PBXVariantGroup section */

/* Begin XCBuildConfiguration section */
		7E9BBD472A92869B00A027E9 /* Debug */ = {
			isa = XCBuildConfiguration;
			buildSettings = {
				ALWAYS_SEARCH_USER_PATHS = NO;
				CLANG_ANALYZER_NONNULL = YES;
				CLANG_ANALYZER_NUMBER_OBJECT_CONVERSION = YES_AGGRESSIVE;
				CLANG_CXX_LANGUAGE_STANDARD = "gnu++20";
				CLANG_ENABLE_MODULES = YES;
				CLANG_ENABLE_OBJC_ARC = YES;
				CLANG_ENABLE_OBJC_WEAK = YES;
				CLANG_WARN_BLOCK_CAPTURE_AUTORELEASING = YES;
				CLANG_WARN_BOOL_CONVERSION = YES;
				CLANG_WARN_COMMA = YES;
				CLANG_WARN_CONSTANT_CONVERSION = YES;
				CLANG_WARN_DEPRECATED_OBJC_IMPLEMENTATIONS = YES;
				CLANG_WARN_DIRECT_OBJC_ISA_USAGE = YES_ERROR;
				CLANG_WARN_DOCUMENTATION_COMMENTS = YES;
				CLANG_WARN_EMPTY_BODY = YES;
				CLANG_WARN_ENUM_CONVERSION = YES;
				CLANG_WARN_INFINITE_RECURSION = YES;
				CLANG_WARN_INT_CONVERSION = YES;
				CLANG_WARN_NON_LITERAL_NULL_CONVERSION = YES;
				CLANG_WARN_OBJC_IMPLICIT_RETAIN_SELF = YES;
				CLANG_WARN_OBJC_LITERAL_CONVERSION = YES;
				CLANG_WARN_OBJC_ROOT_CLASS = YES_ERROR;
				CLANG_WARN_QUOTED_INCLUDE_IN_FRAMEWORK_HEADER = YES;
				CLANG_WARN_RANGE_LOOP_ANALYSIS = YES;
				CLANG_WARN_STRICT_PROTOTYPES = YES;
				CLANG_WARN_SUSPICIOUS_MOVE = YES;
				CLANG_WARN_UNGUARDED_AVAILABILITY = YES_AGGRESSIVE;
				CLANG_WARN_UNREACHABLE_CODE = YES;
				CLANG_WARN__DUPLICATE_METHOD_MATCH = YES;
				COPY_PHASE_STRIP = NO;
				DEBUG_INFORMATION_FORMAT = dwarf;
				ENABLE_STRICT_OBJC_MSGSEND = YES;
				ENABLE_TESTABILITY = YES;
				GCC_C_LANGUAGE_STANDARD = gnu11;
				GCC_DYNAMIC_NO_PIC = NO;
				GCC_NO_COMMON_BLOCKS = YES;
				GCC_OPTIMIZATION_LEVEL = 0;
				GCC_PREPROCESSOR_DEFINITIONS = (
					"DEBUG=1",
					"$(inherited)",
				);
				GCC_WARN_64_TO_32_BIT_CONVERSION = YES;
				GCC_WARN_ABOUT_RETURN_TYPE = YES_ERROR;
				GCC_WARN_UNDECLARED_SELECTOR = YES;
				GCC_WARN_UNINITIALIZED_AUTOS = YES_AGGRESSIVE;
				GCC_WARN_UNUSED_FUNCTION = YES;
				GCC_WARN_UNUSED_VARIABLE = YES;
				IPHONEOS_DEPLOYMENT_TARGET = 16.4;
				MTL_ENABLE_DEBUG_INFO = INCLUDE_SOURCE;
				MTL_FAST_MATH = YES;
				ONLY_ACTIVE_ARCH = YES;
				SDKROOT = iphoneos;
				SWIFT_ACTIVE_COMPILATION_CONDITIONS = DEBUG;
				SWIFT_OPTIMIZATION_LEVEL = "-Onone";
			};
			name = Debug;
		};
		7E9BBD482A92869B00A027E9 /* Release */ = {
			isa = XCBuildConfiguration;
			buildSettings = {
				ALWAYS_SEARCH_USER_PATHS = NO;
				CLANG_ANALYZER_NONNULL = YES;
				CLANG_ANALYZER_NUMBER_OBJECT_CONVERSION = YES_AGGRESSIVE;
				CLANG_CXX_LANGUAGE_STANDARD = "gnu++20";
				CLANG_ENABLE_MODULES = YES;
				CLANG_ENABLE_OBJC_ARC = YES;
				CLANG_ENABLE_OBJC_WEAK = YES;
				CLANG_WARN_BLOCK_CAPTURE_AUTORELEASING = YES;
				CLANG_WARN_BOOL_CONVERSION = YES;
				CLANG_WARN_COMMA = YES;
				CLANG_WARN_CONSTANT_CONVERSION = YES;
				CLANG_WARN_DEPRECATED_OBJC_IMPLEMENTATIONS = YES;
				CLANG_WARN_DIRECT_OBJC_ISA_USAGE = YES_ERROR;
				CLANG_WARN_DOCUMENTATION_COMMENTS = YES;
				CLANG_WARN_EMPTY_BODY = YES;
				CLANG_WARN_ENUM_CONVERSION = YES;
				CLANG_WARN_INFINITE_RECURSION = YES;
				CLANG_WARN_INT_CONVERSION = YES;
				CLANG_WARN_NON_LITERAL_NULL_CONVERSION = YES;
				CLANG_WARN_OBJC_IMPLICIT_RETAIN_SELF = YES;
				CLANG_WARN_OBJC_LITERAL_CONVERSION = YES;
				CLANG_WARN_OBJC_ROOT_CLASS = YES_ERROR;
				CLANG_WARN_QUOTED_INCLUDE_IN_FRAMEWORK_HEADER = YES;
				CLANG_WARN_RANGE_LOOP_ANALYSIS = YES;
				CLANG_WARN_STRICT_PROTOTYPES = YES;
				CLANG_WARN_SUSPICIOUS_MOVE = YES;
				CLANG_WARN_UNGUARDED_AVAILABILITY = YES_AGGRESSIVE;
				CLANG_WARN_UNREACHABLE_CODE = YES;
				CLANG_WARN__DUPLICATE_METHOD_MATCH = YES;
				COPY_PHASE_STRIP = NO;
				DEBUG_INFORMATION_FORMAT = "dwarf-with-dsym";
				ENABLE_NS_ASSERTIONS = NO;
				ENABLE_STRICT_OBJC_MSGSEND = YES;
				GCC_C_LANGUAGE_STANDARD = gnu11;
				GCC_NO_COMMON_BLOCKS = YES;
				GCC_WARN_64_TO_32_BIT_CONVERSION = YES;
				GCC_WARN_ABOUT_RETURN_TYPE = YES_ERROR;
				GCC_WARN_UNDECLARED_SELECTOR = YES;
				GCC_WARN_UNINITIALIZED_AUTOS = YES_AGGRESSIVE;
				GCC_WARN_UNUSED_FUNCTION = YES;
				GCC_WARN_UNUSED_VARIABLE = YES;
				IPHONEOS_DEPLOYMENT_TARGET = 16.4;
				MTL_ENABLE_DEBUG_INFO = NO;
				MTL_FAST_MATH = YES;
				SDKROOT = iphoneos;
				SWIFT_COMPILATION_MODE = wholemodule;
				SWIFT_OPTIMIZATION_LEVEL = "-O";
				VALIDATE_PRODUCT = YES;
			};
			name = Release;
		};
		7E9BBD4A2A92869B00A027E9 /* Debug */ = {
			isa = XCBuildConfiguration;
			buildSettings = {
				ASSETCATALOG_COMPILER_APPICON_NAME = AppIcon;
				ASSETCATALOG_COMPILER_GLOBAL_ACCENT_COLOR_NAME = AccentColor;
				CODE_SIGN_STYLE = Automatic;
				CURRENT_PROJECT_VERSION = 1;
				DEVELOPMENT_TEAM = 966S5PB68L;
				GENERATE_INFOPLIST_FILE = YES;
				INFOPLIST_FILE = RickAndMorty/Info.plist;
				INFOPLIST_KEY_UIApplicationSupportsIndirectInputEvents = YES;
				INFOPLIST_KEY_UILaunchStoryboardName = LaunchScreen;
				INFOPLIST_KEY_UISupportedInterfaceOrientations_iPad = "UIInterfaceOrientationPortrait UIInterfaceOrientationPortraitUpsideDown UIInterfaceOrientationLandscapeLeft UIInterfaceOrientationLandscapeRight";
				INFOPLIST_KEY_UISupportedInterfaceOrientations_iPhone = "UIInterfaceOrientationPortrait UIInterfaceOrientationLandscapeLeft UIInterfaceOrientationLandscapeRight";
				LD_RUNPATH_SEARCH_PATHS = (
					"$(inherited)",
					"@executable_path/Frameworks",
				);
				MARKETING_VERSION = 1.0;
				PRODUCT_BUNDLE_IDENTIFIER = io.iosRickAndMortyApp.RickAndMorty;
				PRODUCT_NAME = "$(TARGET_NAME)";
				SWIFT_EMIT_LOC_STRINGS = YES;
				SWIFT_VERSION = 5.0;
				TARGETED_DEVICE_FAMILY = "1,2";
			};
			name = Debug;
		};
		7E9BBD4B2A92869B00A027E9 /* Release */ = {
			isa = XCBuildConfiguration;
			buildSettings = {
				ASSETCATALOG_COMPILER_APPICON_NAME = AppIcon;
				ASSETCATALOG_COMPILER_GLOBAL_ACCENT_COLOR_NAME = AccentColor;
				CODE_SIGN_STYLE = Automatic;
				CURRENT_PROJECT_VERSION = 1;
				DEVELOPMENT_TEAM = 966S5PB68L;
				GENERATE_INFOPLIST_FILE = YES;
				INFOPLIST_FILE = RickAndMorty/Info.plist;
				INFOPLIST_KEY_UIApplicationSupportsIndirectInputEvents = YES;
				INFOPLIST_KEY_UILaunchStoryboardName = LaunchScreen;
				INFOPLIST_KEY_UISupportedInterfaceOrientations_iPad = "UIInterfaceOrientationPortrait UIInterfaceOrientationPortraitUpsideDown UIInterfaceOrientationLandscapeLeft UIInterfaceOrientationLandscapeRight";
				INFOPLIST_KEY_UISupportedInterfaceOrientations_iPhone = "UIInterfaceOrientationPortrait UIInterfaceOrientationLandscapeLeft UIInterfaceOrientationLandscapeRight";
				LD_RUNPATH_SEARCH_PATHS = (
					"$(inherited)",
					"@executable_path/Frameworks",
				);
				MARKETING_VERSION = 1.0;
				PRODUCT_BUNDLE_IDENTIFIER = io.iosRickAndMortyApp.RickAndMorty;
				PRODUCT_NAME = "$(TARGET_NAME)";
				SWIFT_EMIT_LOC_STRINGS = YES;
				SWIFT_VERSION = 5.0;
				TARGETED_DEVICE_FAMILY = "1,2";
			};
			name = Release;
		};
/* End XCBuildConfiguration section */

/* Begin XCConfigurationList section */
		7E9BBD302A92869900A027E9 /* Build configuration list for PBXProject "RickAndMorty" */ = {
			isa = XCConfigurationList;
			buildConfigurations = (
				7E9BBD472A92869B00A027E9 /* Debug */,
				7E9BBD482A92869B00A027E9 /* Release */,
			);
			defaultConfigurationIsVisible = 0;
			defaultConfigurationName = Release;
		};
		7E9BBD492A92869B00A027E9 /* Build configuration list for PBXNativeTarget "RickAndMorty" */ = {
			isa = XCConfigurationList;
			buildConfigurations = (
				7E9BBD4A2A92869B00A027E9 /* Debug */,
				7E9BBD4B2A92869B00A027E9 /* Release */,
			);
			defaultConfigurationIsVisible = 0;
			defaultConfigurationName = Release;
		};
/* End XCConfigurationList section */
	};
	rootObject = 7E9BBD2D2A92869900A027E9 /* Project object */;
}
